# This file is automatically @generated by Cargo.
# It is not intended for manual editing.
version = 4

[[package]]
name = "rz-contracts"
version = "0.1.0"
source = "git+https://github.com/daejunnom/RoveZero?rev=67284c4f66f7a7ae9f46fa63dfd50e7410eb6845#67284c4f66f7a7ae9f46fa63dfd50e7410eb6845"

[[package]]
name = "rz-runtime"
version = "0.1.0"
dependencies = [
 "rz-contracts",
 "rz-telemetry",
]

[[package]]
name = "rz-telemetry"
version = "0.1.0"
